<?xml version="1.0" encoding="utf-8"?>
<Project ToolsVersion="4.0" xmlns="http://schemas.microsoft.com/developer/msbuild/2003">
  <ItemGroup>
    <Filter Include="Source Files">
      <UniqueIdentifier>{4FC737F1-C7A5-4376-A066-2A32D752A2FF}</UniqueIdentifier>
      <Extensions>cpp;c;cc;cxx;c++;cppm;ixx;def;odl;idl;hpj;bat;asm;asmx</Extensions>
    </Filter>
    <Filter Include="Header Files">
      <UniqueIdentifier>{93995380-89BD-4b04-88EB-625FBE52EBFB}</UniqueIdentifier>
      <Extensions>h;hh;hpp;hxx;h++;hm;inl;inc;ipp;xsd</Extensions>
    </Filter>
    <Filter Include="Resource Files">
      <UniqueIdentifier>{67DA6AB6-F800-4c08-8B7A-83BB121AAD01}</UniqueIdentifier>
      <Extensions>rc;ico;cur;bmp;dlg;rc2;rct;bin;rgs;gif;jpg;jpeg;jpe;resx;tiff;tif;png;wav;mfcribbon-ms</Extensions>
    </Filter>
  </ItemGroup>
  <ItemGroup>
    <ClCompile Include="auxmath.cpp">
      <Filter>Source Files</Filter>
    </ClCompile>
    <ClCompile Include="auxrenderer.cpp">
      <Filter>Source Files</Filter>
    </ClCompile>
    <ClCompile Include="coding.cpp">
      <Filter>Source Files</Filter>
    </ClCompile>
    <ClCompile Include="digitalmarkermodel.cpp">
      <Filter>Source Files</Filter>
    </ClCompile>
    <ClCompile Include="ellipsedetector.cpp">
      <Filter>Source Files</Filter>
    </ClCompile>
    <ClCompile Include="ellipsefitter.cpp">
      <Filter>Source Files</Filter>
    </ClCompile>
    <ClCompile Include="ellipsepoint.cpp">
      <Filter>Source Files</Filter>
    </ClCompile>
    <ClCompile Include="ellipserefine.cpp">
      <Filter>Source Files</Filter>
    </ClCompile>
    <ClCompile Include="fpscounter.cpp">
      <Filter>Source Files</Filter>
    </ClCompile>
    <ClCompile Include="hirestimer.cpp">
      <Filter>Source Files</Filter>
    </ClCompile>
    <ClCompile Include="markerdetector.cpp">
      <Filter>Source Files</Filter>
    </ClCompile>
    <ClCompile Include="markerpose.cpp">
      <Filter>Source Files</Filter>
    </ClCompile>
    <ClCompile Include="slot.cpp">
      <Filter>Source Files</Filter>
    </ClCompile>
    <ClCompile Include="slotfitter.cpp">
      <Filter>Source Files</Filter>
    </ClCompile>
  </ItemGroup>
  <ItemGroup>
    <ClInclude Include="..\include\auxmath.hpp">
      <Filter>Header Files</Filter>
    </ClInclude>
    <ClInclude Include="..\include\auxrenderer.hpp">
      <Filter>Header Files</Filter>
    </ClInclude>
    <ClInclude Include="..\include\coding.h">
      <Filter>Header Files</Filter>
    </ClInclude>
    <ClInclude Include="..\include\digitalmarkermodel.hpp">
      <Filter>Header Files</Filter>
    </ClInclude>
    <ClInclude Include="..\include\ellipsedetector.hpp">
      <Filter>Header Files</Filter>
    </ClInclude>
    <ClInclude Include="..\include\ellipsefitter.hpp">
      <Filter>Header Files</Filter>
    </ClInclude>
    <ClInclude Include="..\include\ellipsepoint.hpp">
      <Filter>Header Files</Filter>
    </ClInclude>
    <ClInclude Include="..\include\ellipserefine.hpp">
      <Filter>Header Files</Filter>
    </ClInclude>
    <ClInclude Include="..\include\fpscounter.hpp">
      <Filter>Header Files</Filter>
    </ClInclude>
    <ClInclude Include="..\include\hirestimer.hpp">
      <Filter>Header Files</Filter>
    </ClInclude>
    <ClInclude Include="..\include\imgtextstream.hpp">
      <Filter>Header Files</Filter>
    </ClInclude>
    <ClInclude Include="..\include\markerdetected.hpp">
      <Filter>Header Files</Filter>
    </ClInclude>
    <ClInclude Include="..\include\markerdetector.hpp">
      <Filter>Header Files</Filter>
    </ClInclude>
    <ClInclude Include="..\include\markerpose.hpp">
      <Filter>Header Files</Filter>
    </ClInclude>
    <ClInclude Include="..\include\runetag.hpp">
      <Filter>Header Files</Filter>
    </ClInclude>
    <ClInclude Include="..\include\slot.hpp">
      <Filter>Header Files</Filter>
    </ClInclude>
    <ClInclude Include="..\include\slotfitter.hpp">
      <Filter>Header Files</Filter>
    </ClInclude>
  </ItemGroup>
</Project>